
Microsoft Visual Studio Solution File, Format Version 12.00
# Visual Studio Version 17
VisualStudioVersion = 17.4.33205.214
MinimumVisualStudioVersion = 10.0.40219.1
Project("{FAE04EC0-301F-11D3-BF4B-00C04F79EFBC}") = "MTTuyetMaiPham", "MTTuyetMaiPham\MTTuyetMaiPham.csproj", "{9AA27B90-B9C6-4A97-8A11-FCBB9D867160}"
EndProject
Global
	GlobalSection(SolutionConfigurationPlatforms) = preSolution
		Debug|Any CPU = Debug|Any CPU
		Release|Any CPU = Release|Any CPU
	EndGlobalSection
	GlobalSection(ProjectConfigurationPlatforms) = postSolution
		{9AA27B90-B9C6-4A97-8A11-FCBB9D867160}.Debug|Any CPU.ActiveCfg = Debug|Any CPU
		{9AA27B90-B9C6-4A97-8A11-FCBB9D867160}.Debug|Any CPU.Build.0 = Debug|Any CPU
		{9AA27B90-B9C6-4A97-8A11-FCBB9D867160}.Release|Any CPU.ActiveCfg = Release|Any CPU
		{9AA27B90-B9C6-4A97-8A11-FCBB9D867160}.Release|Any CPU.Build.0 = Release|Any CPU
	EndGlobalSection
	GlobalSection(SolutionProperties) = preSolution
		HideSolutionNode = FALSE
	EndGlobalSection
	GlobalSection(ExtensibilityGlobals) = postSolution
		SolutionGuid = {7AF1E4DD-5C30-4E92-A2C0-666347652A1E}
	EndGlobalSection
EndGlobal
